{
  "nodes": {
    "devshell": {
      "locked": {
        "lastModified": 1631528035,
        "narHash": "sha256-ZV4+WsrF1uaAOM2ynGzWD5dCmrWpKc+Rj1hZkodEPQY=",
        "owner": "numtide",
        "repo": "devshell",
        "rev": "dd0d585d2ed42b9d226673dd56d4fe2dfd0bf0dc",
        "type": "github"
      },
      "original": {
        "owner": "numtide",
        "repo": "devshell",
        "type": "github"
      }
    },
    "flake-compat": {
      "flake": false,
      "locked": {
        "lastModified": 1606424373,
        "narHash": "sha256-oq8d4//CJOrVj+EcOaSXvMebvuTkmBJuT5tzlfewUnQ=",
        "owner": "edolstra",
        "repo": "flake-compat",
        "rev": "99f1c2157fba4bfe6211a321fd0ee43199025dbf",
        "type": "github"
      },
      "original": {
        "owner": "edolstra",
        "repo": "flake-compat",
        "type": "github"
      }
    },
    "flake-utils": {
      "locked": {
        "lastModified": 1631561581,
        "narHash": "sha256-3VQMV5zvxaVLvqqUrNz3iJelLw30mIVSfZmAaauM3dA=",
        "owner": "numtide",
        "repo": "flake-utils",
        "rev": "7e5bf3925f6fbdfaf50a2a7ca0be2879c4261d19",
        "type": "github"
      },
      "original": {
        "owner": "numtide",
        "repo": "flake-utils",
        "type": "github"
      }
    },
    "naersk": {
      "inputs": {
        "nixpkgs": [
          "nixpkgs-hammering",
          "nixpkgs"
        ]
      },
      "locked": {
        "lastModified": 1623927034,
        "narHash": "sha256-sGxlmfp5eXL5sAMNqHSb04Zq6gPl+JeltIZ226OYN0w=",
        "owner": "nmattia",
        "repo": "naersk",
        "rev": "e09c320446c5c2516d430803f7b19f5833781337",
        "type": "github"
      },
      "original": {
        "owner": "nmattia",
        "repo": "naersk",
        "type": "github"
      }
    },
    "nixpkgs": {
      "locked": {
        "lastModified": 1632131869,
        "narHash": "sha256-rC3NhbHH8Bn6Psw4FcTcnF69MJnH/1JbXG4Hj3w2HeY=",
        "owner": "NixOS",
        "repo": "nixpkgs",
        "rev": "d050e7dfc3af49c97f740319c15dd33de56598a5",
        "type": "github"
      },
      "original": {
        "id": "nixpkgs",
        "type": "indirect"
      }
    },
    "nixpkgs-hammering": {
      "inputs": {
        "flake-compat": "flake-compat",
        "naersk": "naersk",
        "nixpkgs": "nixpkgs_2",
        "utils": "utils"
      },
      "locked": {
        "lastModified": 1630357998,
        "narHash": "sha256-HJt+lhsrt9j64F2ZOpPQw4BeiN+yarvFu02yb8Afdj4=",
        "owner": "jtojnar",
        "repo": "nixpkgs-hammering",
        "rev": "a24b5537fab53dec6dc638576bff19606ad4a33b",
        "type": "github"
      },
      "original": {
        "owner": "jtojnar",
        "repo": "nixpkgs-hammering",
        "type": "github"
      }
    },
    "nixpkgs_2": {
      "locked": {
        "lastModified": 1625512941,
        "narHash": "sha256-P2POZzfG+Hp8ktIWwkOs/OMB8jSsQvIPQaLO0swpgZo=",
        "owner": "NixOS",
        "repo": "nixpkgs",
        "rev": "3e0ce8c5d478d06b37a4faa7a4cc8642c6bb97de",
        "type": "github"
      },
      "original": {
        "owner": "NixOS",
        "ref": "nixpkgs-unstable",
        "repo": "nixpkgs",
        "type": "github"
      }
    },
    "root": {
      "inputs": {
        "devshell": "devshell",
        "flake-utils": "flake-utils",
        "nixpkgs": "nixpkgs",
        "nixpkgs-hammering": "nixpkgs-hammering"
      }
    },
    "utils": {
      "locked": {
        "lastModified": 1623875721,
        "narHash": "sha256-A8BU7bjS5GirpAUv4QA+QnJ4CceLHkcXdRp4xITDB0s=",
        "owner": "numtide",
        "repo": "flake-utils",
        "rev": "f7e004a55b120c02ecb6219596820fcd32ca8772",
        "type": "github"
      },
      "original": {
        "owner": "numtide",
        "repo": "flake-utils",
        "type": "github"
      }
    }
  },
  "root": "root",
  "version": 7
}
